
Microsoft Visual Studio Solution File, Format Version 12.00
# Visual Studio 15
VisualStudioVersion = 15.0.28307.271
MinimumVisualStudioVersion = 10.0.40219.1
Project("{9A19103F-16F7-4668-BE54-9A1E7A4F7556}") = "LambdaForums", "LambdaForums\LambdaForums.csproj", "{040A8773-5913-47F6-B8DA-92D5EDB08171}"
EndProject
Project("{9A19103F-16F7-4668-BE54-9A1E7A4F7556}") = "LambdaForums.Data", "LambdaForums.Data\LambdaForums.Data.csproj", "{96A9D52D-2CD4-4B55-9AA5-A35821147B71}"
EndProject
Project("{FAE04EC0-301F-11D3-BF4B-00C04F79EFBC}") = "LambdaForums.Service", "LambdaForums.Service\LambdaForums.Service.csproj", "{F815AB8E-ECD2-47F9-9925-A99DED5A4B43}"
EndProject
Global
	GlobalSection(SolutionConfigurationPlatforms) = preSolution
		Debug|Any CPU = Debug|Any CPU
		Release|Any CPU = Release|Any CPU
	EndGlobalSection
	GlobalSection(ProjectConfigurationPlatforms) = postSolution
		{040A8773-5913-47F6-B8DA-92D5EDB08171}.Debug|Any CPU.ActiveCfg = Debug|Any CPU
		{040A8773-5913-47F6-B8DA-92D5EDB08171}.Debug|Any CPU.Build.0 = Debug|Any CPU
		{040A8773-5913-47F6-B8DA-92D5EDB08171}.Release|Any CPU.ActiveCfg = Release|Any CPU
		{040A8773-5913-47F6-B8DA-92D5EDB08171}.Release|Any CPU.Build.0 = Release|Any CPU
		{96A9D52D-2CD4-4B55-9AA5-A35821147B71}.Debug|Any CPU.ActiveCfg = Debug|Any CPU
		{96A9D52D-2CD4-4B55-9AA5-A35821147B71}.Debug|Any CPU.Build.0 = Debug|Any CPU
		{96A9D52D-2CD4-4B55-9AA5-A35821147B71}.Release|Any CPU.ActiveCfg = Release|Any CPU
		{96A9D52D-2CD4-4B55-9AA5-A35821147B71}.Release|Any CPU.Build.0 = Release|Any CPU
		{F815AB8E-ECD2-47F9-9925-A99DED5A4B43}.Debug|Any CPU.ActiveCfg = Debug|Any CPU
		{F815AB8E-ECD2-47F9-9925-A99DED5A4B43}.Debug|Any CPU.Build.0 = Debug|Any CPU
		{F815AB8E-ECD2-47F9-9925-A99DED5A4B43}.Release|Any CPU.ActiveCfg = Release|Any CPU
		{F815AB8E-ECD2-47F9-9925-A99DED5A4B43}.Release|Any CPU.Build.0 = Release|Any CPU
	EndGlobalSection
	GlobalSection(SolutionProperties) = preSolution
		HideSolutionNode = FALSE
	EndGlobalSection
	GlobalSection(ExtensibilityGlobals) = postSolution
		SolutionGuid = {05F9806A-BE94-4590-AEED-CF0779B4D75B}
	EndGlobalSection
EndGlobal
